github.com/armory/flipdisks v0.0.0 h1:JhIA+VP9G6MV+ASJcnWyTCHjCTdHEZd/i6XICi2EdCU=
github.com/armory/flipdisks v0.0.0/go.mod h1:/Iv2sEJGyhR/NC1t+bOWzggVaUrIklEobr+qnNKwPGQ=
github.com/davecgh/go-spew v1.1.0 h1:ZDRjVQ15GmhC3fiQ8ni8+OwkZQO4DARzQgrnXU1Liz8=
github.com/davecgh/go-spew v1.1.0/go.mod h1:J7Y8YcW2NihsgmVo/mv3lAwl/skON4iLHjSsI+c5H38=
github.com/go-test/deep v1.0.1 h1:UQhStjbkDClarlmv0am7OXXO4/GaPdCGiUiMTvi28sg=
github.com/go-test/deep v1.0.1/go.mod h1:wGDj63lr65AM2AQyKZd/NYHGb0R+1RLqB8NKt3aSFNA=
github.com/golang/protobuf v1.1.0 h1:0iH4Ffd/meGoXqF2lSAhZHt8X+cPgkfn/cb6Cce5Vpc=
github.com/golang/protobuf v1.1.0/go.mod h1:6lQm79b+lXiMfvg/cZm0SGofjICqVBUtrP5yJMmIC1U=
github.com/google/go-github v15.0.0+incompatible h1:jlPg2Cpsxb/FyEV/MFiIE9tW/2RAevQNZDPeHbf5a94=
github.com/google/go-github v15.0.0+incompatible/go.mod h1:zLgOLi98H3fifZn+44m+umXrS52loVEgC2AApnigrVQ=
github.com/google/go-querystring v0.0.0-20170111101155-53e6ce116135 h1:zLTLjkaOFEFIOxY5BWLFLwh+cL8vOBW4XJ2aqLE/Tf0=
github.com/google/go-querystring v0.0.0-20170111101155-53e6ce116135/go.mod h1:odCYkC5MyYFN7vkCjXpyrEuKhc/BUO6wN/zVPAxq5ck=
github.com/gorilla/websocket v1.2.0 h1:VJtLvh6VQym50czpZzx07z/kw9EgAxI3x1ZB8taTMQQ=
github.com/gorilla/websocket v1.2.0/go.mod h1:E7qHFY5m1UJ88s3WnNqhKjPHQ0heANvMoAMk2YaljkQ=
github.com/jcelliott/lumber v0.0.0-20160324203708-dd349441af25 h1:EFT6MH3igZK/dIVqgGbTqWVvkZ7wJ5iGN03SVtvvdd8=
github.com/jcelliott/lumber v0.0.0-20160324203708-dd349441af25/go.mod h1:sWkGw/wsaHtRsT9zGQ/WyJCotGWG/Anow/9hsAcBWRw=
github.com/kevinawoo/flipdots v0.0.0-20180824072126-7803864800d9 h1:Z5ONiLEyr9oulKWfHknmtRVoqe3vWlzh82D2MPovclY=
github.com/kevinawoo/flipdots v0.0.0-20180824072126-7803864800d9/go.mod h1:kopeSgZDd5/r1sNPEXAY5hYWTDjSgUOAPQbgY3gjpwc=
github.com/kr/pty v1.1.2 h1:Q7kfkJVHag8Gix8Z5+eTo09NFHV8MXL9K66sv9qDaVI=
github.com/kr/pty v1.1.2/go.mod h1:pFQYn66WHrOpPYNljwOMqo10TkYh1fy3cYio2l3bCsQ=
github.com/nanobox-io/golang-scribble v0.0.0-20180621225840-336beac0a992 h1:zIRkVn8ZX7aGrS297sWNvZsyu99I3anNIHiMVpOuK/g=
github.com/nanobox-io/golang-scribble v0.0.0-20180621225840-336beac0a992/go.mod h1:4Mct/lWCFf1jzQTTAaWtOI7sXqmG+wBeiBfT4CxoaJk=
github.com/nfnt/resize v0.0.0-20180221191011-83c6a9932646 h1:zYyBkD/k9seD2A7fsi6Oo2LfFZAehjjQMERAvZLEDnQ=
github.com/nfnt/resize v0.0.0-20180221191011-83c6a9932646/go.mod h1:jpp1/29i3P1S/RLdc7JQKbRpFeM1dOBd8T9ki5s+AY8=
github.com/nlopes/slack v0.2.0 h1:ygNVH3HWrOPFbzFoAmRKPcMcmYMmsLf+vPV9DhJdqJI=
github.com/nlopes/slack v0.2.0/go.mod h1:jVI4BBK3lSktibKahxBF74txcK2vyvkza1z/+rRnVAM=
github.com/pmezard/go-difflib v1.0.0 h1:4DBwDE0NGyQoBHbLQYPwSUPoCMWR5BEzIk/f1lZbAQM=
github.com/pmezard/go-difflib v1.0.0/go.mod h1:iKH77koFhYxTK1pcRnkKkqfTogsbg7gZNVY4sRDYZ/4=
github.com/sirupsen/logrus v1.0.5 h1:8c8b5uO0zS4X6RPl/sd1ENwSkIc0/H2PaHxE3udaE8I=
github.com/sirupsen/logrus v1.0.5/go.mod h1:pMByvHTf9Beacp5x1UXfOR9xyW/9antXMhjMPG0dEzc=
github.com/stretchr/testify v1.2.2 h1:bSDNvY7ZPG5RlJ8otE/7V6gMiyenm9RtJ7IUVIAoJ1w=
github.com/stretchr/testify v1.2.2/go.mod h1:a8OnRcib4nhh0OaRAV+Yts87kKdq0PP7pXfy6kDkUVs=
github.com/tarm/serial v0.0.0-20180114052751-eaafced92e96 h1:pLss0TM/G46eE2p8NIRYIlB12vrPvWXiqDoCKA52wwQ=
github.com/tarm/serial v0.0.0-20180114052751-eaafced92e96/go.mod h1:kDXzergiv9cbyO7IOYJZWg1U88JhDg3PB6klq9Hg2pA=
golang.org/x/crypto v0.0.0-20180621125126-a49355c7e3f8 h1:h7zdf0RiEvWbYBKIx4b+q41xoUVnMmvsGZnIVE5syG8=
golang.org/x/crypto v0.0.0-20180621125126-a49355c7e3f8/go.mod h1:6SG95UA2DQfeDnfUPMdvaQW0Q7yPrPDi9nlGo2tz2b4=
golang.org/x/net v0.0.0-20180719001425-81d44fd177a9 h1:BN4Q1JAtkPK2SJ//1vLij2bjj2ZPrBi6w1VEpdevHDA=
golang.org/x/net v0.0.0-20180719001425-81d44fd177a9/go.mod h1:mL1N/T3taQHkDXs73rZJwtUhF3w3ftmwwsq0BUmARs4=
golang.org/x/oauth2 v0.0.0-20180620175406-ef147856a6dd h1:QQhib242ErYDSMitlBm8V7wYCm/1a25hV8qMadIKLPA=
golang.org/x/oauth2 v0.0.0-20180620175406-ef147856a6dd/go.mod h1:N/0e6XlmueqKjAGxoOufVs8QHGRruUQn6yWY3a++T0U=
golang.org/x/sys v0.0.0-20180622082034-63fc586f45fe h1:ay7inWg28/GEO1erz2KR0ywSgsw4yPHUw1egz2vGcN0=
golang.org/x/sys v0.0.0-20180622082034-63fc586f45fe/go.mod h1:STP8DvDyc/dI5b8T5hshtkjS+E42TnysNCUPdjciGhY=
google.golang.org/appengine v1.1.0 h1:igQkv0AAhEIvTEpD5LIpAfav2eeVO9HBTjvKHVJPRSs=
google.golang.org/appengine v1.1.0/go.mod h1:EbEs0AVv82hx2wNQdGPgUI5lhzA/G0D9YwlJXL52JkM=
gopkg.in/check.v1 v0.0.0-20161208181325-20d25e280405/go.mod h1:Co6ibVJAznAaIkqp8huTwlJQCZ016jof/cbN4VW5Yz0=
gopkg.in/yaml.v2 v2.2.1 h1:mUhvW9EsL+naU5Q3cakzfE91YhliOondGd6ZrsDBHQE=
gopkg.in/yaml.v2 v2.2.1/go.mod h1:hI93XBmqTisBFMUTm0b8Fm+jr3Dg1NNxqwp+5A1VGuI=
