# This file is autogenerated, do not edit; changes may be undone by the next 'dep ensure'.


[[projects]]
  branch = "master"
  name = "github.com/kevinawoo/flipdots"
  packages = ["panel"]
  revision = "4f87faed6727fa656a52a52cd5dfcad0d56bc039"

[[projects]]
  branch = "master"
  name = "github.com/tarm/serial"
  packages = ["."]
  revision = "eaafced92e9619f03c72527efeab21e326f3bc36"

[[projects]]
  branch = "master"
  name = "golang.org/x/sys"
  packages = ["unix"]
  revision = "7c87d13f8e835d2fb3a70a2912c811ed0c1d241b"

[solve-meta]
  analyzer-name = "dep"
  analyzer-version = 1
  inputs-digest = "120a2ce5750ab7b5d0e40a064cb3d10d36cbf418107f9c64252721f73d188dab"
  solver-name = "gps-cdcl"
  solver-version = 1
