# This file is autogenerated, do not edit; changes may be undone by the next 'dep ensure'.


[[projects]]
  digest = "1:56c130d885a4aacae1dd9c7b71cfe39912c7ebc1ff7d2b46083c8812996dc43b"
  name = "github.com/davecgh/go-spew"
  packages = ["spew"]
  pruneopts = ""
  revision = "346938d642f2ec3594ed81d874461961cd0faa76"
  version = "v1.1.0"

[[projects]]
  digest = "1:fb6b4ea21671a4a8037cccc0a582caada51b4ac550219f42b9e8ce4671bc568b"
  name = "github.com/go-test/deep"
  packages = ["."]
  pruneopts = ""
  revision = "6592d9cc0a499ad2d5f574fde80a2b5c5cc3b4f5"
  version = "v1.0.1"

[[projects]]
  digest = "1:f958a1c137db276e52f0b50efee41a1a389dcdded59a69711f3e872757dab34b"
  name = "github.com/golang/protobuf"
  packages = ["proto"]
  pruneopts = ""
  revision = "b4deda0973fb4c70b50d226b1af49f3da59f5265"
  version = "v1.1.0"

[[projects]]
  digest = "1:0022cff7d0dd79dbfa78ce16fea20fb29d6fdfcfae67ee55cada2e422cedf8ee"
  name = "github.com/google/go-github"
  packages = ["github"]
  pruneopts = ""
  revision = "e48060a28fac52d0f1cb758bc8b87c07bac4a87d"
  version = "v15.0.0"

[[projects]]
  branch = "master"
  digest = "1:9abc49f39e3e23e262594bb4fb70abf74c0c99e94f99153f43b143805e850719"
  name = "github.com/google/go-querystring"
  packages = ["query"]
  pruneopts = ""
  revision = "53e6ce116135b80d037921a7fdd5138cf32d7a8a"

[[projects]]
  digest = "1:64d212c703a2b94054be0ce470303286b177ad260b2f89a307e3d1bb6c073ef6"
  name = "github.com/gorilla/websocket"
  packages = ["."]
  pruneopts = ""
  revision = "ea4d1f681babbce9545c9c5f3d5194a789c89f5b"
  version = "v1.2.0"

[[projects]]
  branch = "master"
  digest = "1:0f0faa9216178b117e9eb0d146888360c36ebc4a61fd78b6eff19f96d280eabe"
  name = "github.com/jcelliott/lumber"
  packages = ["."]
  pruneopts = ""
  revision = "dd349441af25132d146d7095c6693a15431fc9b1"

[[projects]]
  branch = "master"
  digest = "1:3a52231b557d375393a012369d97a7522442ce368c19ce0521f5fca76cea0cf8"
  name = "github.com/kevinawoo/flipdots"
  packages = ["panel"]
  pruneopts = ""
  revision = "7803864800d90dd014e2db678f8f246eabde6712"

[[projects]]
  digest = "1:094e04c4742b596bce4455eb535d4e4365016b44016db76f8593211406d77299"
  name = "github.com/kr/pty"
  packages = ["."]
  pruneopts = ""
  revision = "fa756f09eeb418bf1cc6268c66ceaad9bb98f598"
  version = "v1.1.2"

[[projects]]
  branch = "master"
  digest = "1:e0e59ac15e8e22f55bb16e160fba91e25fb265a658939c5af4e1fb9d1182611f"
  name = "github.com/nanobox-io/golang-scribble"
  packages = ["."]
  pruneopts = ""
  revision = "336beac0a992ed9abaf4ef8e7042ba7fe3335c06"

[[projects]]
  branch = "master"
  digest = "1:088f61f6fd284c2dd680a95bda8c84160cfee3b7958aa688469f52702eae2a73"
  name = "github.com/nfnt/resize"
  packages = ["."]
  pruneopts = ""
  revision = "83c6a9932646f83e3267f353373d47347b6036b2"

[[projects]]
  digest = "1:3cb50c403fa46c85697dbc4e06a95008689e058f33466b7eb8d31ea0eb291ea3"
  name = "github.com/nlopes/slack"
  packages = ["."]
  pruneopts = ""
  revision = "8ab4d0b364ef1e9af5d102531da20d5ec902b6c4"
  version = "v0.2.0"

[[projects]]
  digest = "1:256484dbbcd271f9ecebc6795b2df8cad4c458dd0f5fd82a8c2fa0c29f233411"
  name = "github.com/pmezard/go-difflib"
  packages = ["difflib"]
  pruneopts = ""
  revision = "792786c7400a136282c1664665ae0a8db921c6c2"
  version = "v1.0.0"

[[projects]]
  digest = "1:8cf46b6c18a91068d446e26b67512cf16f1540b45d90b28b9533706a127f0ca6"
  name = "github.com/sirupsen/logrus"
  packages = ["."]
  pruneopts = ""
  revision = "c155da19408a8799da419ed3eeb0cb5db0ad5dbc"
  version = "v1.0.5"

[[projects]]
  digest = "1:c587772fb8ad29ad4db67575dad25ba17a51f072ff18a22b4f0257a4d9c24f75"
  name = "github.com/stretchr/testify"
  packages = ["assert"]
  pruneopts = ""
  revision = "f35b8ab0b5a2cef36673838d662e249dd9c94686"
  version = "v1.2.2"

[[projects]]
  branch = "master"
  digest = "1:54f00349c493a13c9340be00aebfe75c1cf7c58f2ed2d1ed5d1952105c925992"
  name = "github.com/tarm/serial"
  packages = ["."]
  pruneopts = ""
  revision = "eaafced92e9619f03c72527efeab21e326f3bc36"

[[projects]]
  branch = "master"
  digest = "1:6ef14be530be39b6b9d75d54ce1d546ae9231e652d9e3eef198cbb19ce8ed3e7"
  name = "golang.org/x/crypto"
  packages = ["ssh/terminal"]
  pruneopts = ""
  revision = "a49355c7e3f8fe157a85be2f77e6e269a0f89602"

[[projects]]
  branch = "master"
  digest = "1:5591baa90ef5051356ace588b4849ab277e590398b4e0e5735114c6aaf33c775"
  name = "golang.org/x/net"
  packages = [
    "context",
    "context/ctxhttp",
  ]
  pruneopts = ""
  revision = "81d44fd177a98d09fe3bc40a5a78d495d3f042ea"

[[projects]]
  branch = "master"
  digest = "1:a6237bd1fe4eed8524971a2923fcadb54e9584b19516a35d3f76f1c53f603cf9"
  name = "golang.org/x/oauth2"
  packages = [
    ".",
    "internal",
  ]
  pruneopts = ""
  revision = "ef147856a6ddbb60760db74283d2424e98c87bff"

[[projects]]
  branch = "master"
  digest = "1:60c3915cfa691dc713534798a10a8893a425c4ab8c569aeca2bd4a51ae81638c"
  name = "golang.org/x/sys"
  packages = [
    "unix",
    "windows",
  ]
  pruneopts = ""
  revision = "63fc586f45fe72d95d5240a5d5eb95e6503907d3"

[[projects]]
  digest = "1:c1771ca6060335f9768dff6558108bc5ef6c58506821ad43377ee23ff059e472"
  name = "google.golang.org/appengine"
  packages = [
    "internal",
    "internal/base",
    "internal/datastore",
    "internal/log",
    "internal/remote_api",
    "internal/urlfetch",
    "urlfetch",
  ]
  pruneopts = ""
  revision = "b1f26356af11148e710935ed1ac8a7f5702c7612"
  version = "v1.1.0"

[[projects]]
  digest = "1:f0620375dd1f6251d9973b5f2596228cc8042e887cd7f827e4220bc1ce8c30e2"
  name = "gopkg.in/yaml.v2"
  packages = ["."]
  pruneopts = ""
  revision = "5420a8b6744d3b0345ab293f6fcba19c978f1183"
  version = "v2.2.1"

[solve-meta]
  analyzer-name = "dep"
  analyzer-version = 1
  input-imports = [
    "github.com/go-test/deep",
    "github.com/google/go-github/github",
    "github.com/kevinawoo/flipdots/panel",
    "github.com/kr/pty",
    "github.com/nanobox-io/golang-scribble",
    "github.com/nfnt/resize",
    "github.com/nlopes/slack",
    "github.com/sirupsen/logrus",
    "github.com/stretchr/testify/assert",
    "golang.org/x/oauth2",
    "gopkg.in/yaml.v2",
  ]
  solver-name = "gps-cdcl"
  solver-version = 1
